
Microsoft Visual Studio Solution File, Format Version 12.00
# Visual Studio Version 17
VisualStudioVersion = 17.6.33712.159
MinimumVisualStudioVersion = 10.0.40219.1
Project("{9A19103F-16F7-4668-BE54-9A1E7A4F7556}") = "TaskHive.Application", "TaskHive.Application\TaskHive.Application.csproj", "{C33B5D4E-6A98-4FA3-83DA-56A82FC868EF}"
EndProject
Project("{9A19103F-16F7-4668-BE54-9A1E7A4F7556}") = "TaskHive.Infrastructure", "TaskHive.Infrastructure\TaskHive.Infrastructure.csproj", "{7FB63487-C1D5-415C-90BB-C75E02AB13BE}"
EndProject
Project("{9A19103F-16F7-4668-BE54-9A1E7A4F7556}") = "TaskHive.Core", "TaskHive.Core\TaskHive.Core.csproj", "{8A8652BA-F646-47A8-8B72-559D9DE671CC}"
EndProject
Project("{9A19103F-16F7-4668-BE54-9A1E7A4F7556}") = "TaskHive.WebApi", "TaskHive.WebApi\TaskHive.WebApi.csproj", "{AFB621C4-1680-49D1-AAAE-74824029A4C6}"
EndProject
Global
	GlobalSection(SolutionConfigurationPlatforms) = preSolution
		Debug|Any CPU = Debug|Any CPU
		Release|Any CPU = Release|Any CPU
	EndGlobalSection
	GlobalSection(ProjectConfigurationPlatforms) = postSolution
		{C33B5D4E-6A98-4FA3-83DA-56A82FC868EF}.Debug|Any CPU.ActiveCfg = Debug|Any CPU
		{C33B5D4E-6A98-4FA3-83DA-56A82FC868EF}.Debug|Any CPU.Build.0 = Debug|Any CPU
		{C33B5D4E-6A98-4FA3-83DA-56A82FC868EF}.Release|Any CPU.ActiveCfg = Release|Any CPU
		{C33B5D4E-6A98-4FA3-83DA-56A82FC868EF}.Release|Any CPU.Build.0 = Release|Any CPU
		{7FB63487-C1D5-415C-90BB-C75E02AB13BE}.Debug|Any CPU.ActiveCfg = Debug|Any CPU
		{7FB63487-C1D5-415C-90BB-C75E02AB13BE}.Debug|Any CPU.Build.0 = Debug|Any CPU
		{7FB63487-C1D5-415C-90BB-C75E02AB13BE}.Release|Any CPU.ActiveCfg = Release|Any CPU
		{7FB63487-C1D5-415C-90BB-C75E02AB13BE}.Release|Any CPU.Build.0 = Release|Any CPU
		{8A8652BA-F646-47A8-8B72-559D9DE671CC}.Debug|Any CPU.ActiveCfg = Debug|Any CPU
		{8A8652BA-F646-47A8-8B72-559D9DE671CC}.Debug|Any CPU.Build.0 = Debug|Any CPU
		{8A8652BA-F646-47A8-8B72-559D9DE671CC}.Release|Any CPU.ActiveCfg = Release|Any CPU
		{8A8652BA-F646-47A8-8B72-559D9DE671CC}.Release|Any CPU.Build.0 = Release|Any CPU
		{AFB621C4-1680-49D1-AAAE-74824029A4C6}.Debug|Any CPU.ActiveCfg = Debug|Any CPU
		{AFB621C4-1680-49D1-AAAE-74824029A4C6}.Debug|Any CPU.Build.0 = Debug|Any CPU
		{AFB621C4-1680-49D1-AAAE-74824029A4C6}.Release|Any CPU.ActiveCfg = Release|Any CPU
		{AFB621C4-1680-49D1-AAAE-74824029A4C6}.Release|Any CPU.Build.0 = Release|Any CPU
	EndGlobalSection
	GlobalSection(SolutionProperties) = preSolution
		HideSolutionNode = FALSE
	EndGlobalSection
	GlobalSection(ExtensibilityGlobals) = postSolution
		SolutionGuid = {E36EF513-1A99-4812-A6F2-77B50707461E}
	EndGlobalSection
EndGlobal
